// !$*UTF8*$!
{
	archiveVersion = 1;
	classes = {
	};
	objectVersion = 56;
	objects = {

/* Begin PBXBuildFile section */
		3102AEF52B8179D200F716AF /* SessionPagingView.swift in Sources */ = {isa = PBXBuildFile; fileRef = 3102AEF42B8179D200F716AF /* SessionPagingView.swift */; };
		31255F1F2BFFB50200DC2C9E /* alarm.mp3 in Resources */ = {isa = PBXBuildFile; fileRef = 31255F1E2BFFB50200DC2C9E /* alarm.mp3 */; };
		313D26442C77EE3E00E65D93 /* WelcomeView.swift in Sources */ = {isa = PBXBuildFile; fileRef = 313D26432C77EE3E00E65D93 /* WelcomeView.swift */; };
		314779CA2B7D0FA900C8EADC /* SettingsView.swift in Sources */ = {isa = PBXBuildFile; fileRef = 314779C92B7D0FA900C8EADC /* SettingsView.swift */; };
		31536F372B83A77600176F6F /* SummaryView.swift in Sources */ = {isa = PBXBuildFile; fileRef = 31536F362B83A77600176F6F /* SummaryView.swift */; };
		31536F3A2B84065C00176F6F /* HealthManager.swift in Sources */ = {isa = PBXBuildFile; fileRef = 31536F392B84065C00176F6F /* HealthManager.swift */; };
		318C3B692C7B934200B864A2 /* MotionData.swift in Sources */ = {isa = PBXBuildFile; fileRef = 318C3B682C7B934200B864A2 /* MotionData.swift */; };
		31AA1C292C7A952D00C05A4F /* RealmSwift in Embed Frameworks */ = {isa = PBXBuildFile; productRef = 31BB51242C7A855000741326 /* RealmSwift */; settings = {ATTRIBUTES = (CodeSignOnCopy, ); }; };
		31B7E9992C6A83E1008AEB4E /* Config.swift in Sources */ = {isa = PBXBuildFile; fileRef = 31B7E9982C6A83E1008AEB4E /* Config.swift */; };
		31BB51252C7A855000741326 /* RealmSwift in Frameworks */ = {isa = PBXBuildFile; productRef = 31BB51242C7A855000741326 /* RealmSwift */; };
		31BB51272C7A85C600741326 /* HeartRateData.swift in Sources */ = {isa = PBXBuildFile; fileRef = 31BB51262C7A85C600741326 /* HeartRateData.swift */; };
		31CC81832BAC9C0700C99974 /* modern_alarm.mp3 in Resources */ = {isa = PBXBuildFile; fileRef = 31CC81822BAC9C0700C99974 /* modern_alarm.mp3 */; };
		31CC81852BAC9C1E00C99974 /* VibrationAndAlarmManager.swift in Sources */ = {isa = PBXBuildFile; fileRef = 31CC81842BAC9C1E00C99974 /* VibrationAndAlarmManager.swift */; };
		31CC81872BAC9C6C00C99974 /* ImpactNotificationView.swift in Sources */ = {isa = PBXBuildFile; fileRef = 31CC81862BAC9C6C00C99974 /* ImpactNotificationView.swift */; };
		31D65B5B2C72313800115E9E /* MotionDataRecorder.swift in Sources */ = {isa = PBXBuildFile; fileRef = 31D65B5A2C72313800115E9E /* MotionDataRecorder.swift */; };
		31D96C0B2B66F9DD00A1B16A /* Paralyzed Watch App.app in Embed Watch Content */ = {isa = PBXBuildFile; fileRef = 31D96C0A2B66F9DD00A1B16A /* Paralyzed Watch App.app */; settings = {ATTRIBUTES = (RemoveHeadersOnCopy, ); }; };
		31D96C102B66F9DD00A1B16A /* ParalyzedApp.swift in Sources */ = {isa = PBXBuildFile; fileRef = 31D96C0F2B66F9DD00A1B16A /* ParalyzedApp.swift */; };
		31D96C122B66F9DD00A1B16A /* StartStopView.swift in Sources */ = {isa = PBXBuildFile; fileRef = 31D96C112B66F9DD00A1B16A /* StartStopView.swift */; };
		31D96C142B66F9DE00A1B16A /* Assets.xcassets in Resources */ = {isa = PBXBuildFile; fileRef = 31D96C132B66F9DE00A1B16A /* Assets.xcassets */; };
		31D96C172B66F9DE00A1B16A /* Preview Assets.xcassets in Resources */ = {isa = PBXBuildFile; fileRef = 31D96C162B66F9DE00A1B16A /* Preview Assets.xcassets */; };
		31FD78992C1B34D8008C207B /* MotionManager.swift in Sources */ = {isa = PBXBuildFile; fileRef = 31FD78982C1B34D8008C207B /* MotionManager.swift */; };
/* End PBXBuildFile section */

/* Begin PBXContainerItemProxy section */
		31D96C0C2B66F9DD00A1B16A /* PBXContainerItemProxy */ = {
			isa = PBXContainerItemProxy;
			containerPortal = 31D96BFE2B66F9DD00A1B16A /* Project object */;
			proxyType = 1;
			remoteGlobalIDString = 31D96C092B66F9DD00A1B16A;
			remoteInfo = "Paralyzed Watch App";
		};
/* End PBXContainerItemProxy section */

/* Begin PBXCopyFilesBuildPhase section */
		31AA1C2A2C7A952D00C05A4F /* Embed Frameworks */ = {
			isa = PBXCopyFilesBuildPhase;
			buildActionMask = 2147483647;
			dstPath = "";
			dstSubfolderSpec = 10;
			files = (
				31AA1C292C7A952D00C05A4F /* RealmSwift in Embed Frameworks */,
			);
			name = "Embed Frameworks";
			runOnlyForDeploymentPostprocessing = 0;
		};
		31D96C1D2B66F9DE00A1B16A /* Embed Watch Content */ = {
			isa = PBXCopyFilesBuildPhase;
			buildActionMask = 2147483647;
			dstPath = "$(CONTENTS_FOLDER_PATH)/Watch";
			dstSubfolderSpec = 16;
			files = (
				31D96C0B2B66F9DD00A1B16A /* Paralyzed Watch App.app in Embed Watch Content */,
			);
			name = "Embed Watch Content";
			runOnlyForDeploymentPostprocessing = 0;
		};
/* End PBXCopyFilesBuildPhase section */

/* Begin PBXFileReference section */
		3102AEF42B8179D200F716AF /* SessionPagingView.swift */ = {isa = PBXFileReference; lastKnownFileType = sourcecode.swift; path = SessionPagingView.swift; sourceTree = "<group>"; };
		31255F1E2BFFB50200DC2C9E /* alarm.mp3 */ = {isa = PBXFileReference; lastKnownFileType = audio.mp3; path = alarm.mp3; sourceTree = SOURCE_ROOT; };
		313D26432C77EE3E00E65D93 /* WelcomeView.swift */ = {isa = PBXFileReference; lastKnownFileType = sourcecode.swift; path = WelcomeView.swift; sourceTree = "<group>"; };
		314779C92B7D0FA900C8EADC /* SettingsView.swift */ = {isa = PBXFileReference; lastKnownFileType = sourcecode.swift; path = SettingsView.swift; sourceTree = "<group>"; };
		31536F362B83A77600176F6F /* SummaryView.swift */ = {isa = PBXFileReference; lastKnownFileType = sourcecode.swift; path = SummaryView.swift; sourceTree = "<group>"; };
		31536F392B84065C00176F6F /* HealthManager.swift */ = {isa = PBXFileReference; lastKnownFileType = sourcecode.swift; path = HealthManager.swift; sourceTree = "<group>"; };
		318C3B682C7B934200B864A2 /* MotionData.swift */ = {isa = PBXFileReference; lastKnownFileType = sourcecode.swift; path = MotionData.swift; sourceTree = "<group>"; };
		31B7E9982C6A83E1008AEB4E /* Config.swift */ = {isa = PBXFileReference; lastKnownFileType = sourcecode.swift; path = Config.swift; sourceTree = "<group>"; };
		31BB51262C7A85C600741326 /* HeartRateData.swift */ = {isa = PBXFileReference; lastKnownFileType = sourcecode.swift; path = HeartRateData.swift; sourceTree = "<group>"; };
		31CC81822BAC9C0700C99974 /* modern_alarm.mp3 */ = {isa = PBXFileReference; lastKnownFileType = audio.mp3; path = modern_alarm.mp3; sourceTree = SOURCE_ROOT; };
		31CC81842BAC9C1E00C99974 /* VibrationAndAlarmManager.swift */ = {isa = PBXFileReference; fileEncoding = 4; lastKnownFileType = sourcecode.swift; path = VibrationAndAlarmManager.swift; sourceTree = "<group>"; };
		31CC81862BAC9C6C00C99974 /* ImpactNotificationView.swift */ = {isa = PBXFileReference; fileEncoding = 4; lastKnownFileType = sourcecode.swift; path = ImpactNotificationView.swift; sourceTree = "<group>"; };
		31D484E32B7BE8EE0068B3C4 /* Paralyzed Watch App.entitlements */ = {isa = PBXFileReference; lastKnownFileType = text.plist.entitlements; path = "Paralyzed Watch App.entitlements"; sourceTree = "<group>"; };
		31D484E42B7C27CC0068B3C4 /* Paralyzed-Watch-App-Info.plist */ = {isa = PBXFileReference; lastKnownFileType = text.plist; path = "Paralyzed-Watch-App-Info.plist"; sourceTree = SOURCE_ROOT; };
		31D65B5A2C72313800115E9E /* MotionDataRecorder.swift */ = {isa = PBXFileReference; lastKnownFileType = sourcecode.swift; path = MotionDataRecorder.swift; sourceTree = "<group>"; };
		31D96C042B66F9DD00A1B16A /* Paralyzed.app */ = {isa = PBXFileReference; explicitFileType = wrapper.application; includeInIndex = 0; path = Paralyzed.app; sourceTree = BUILT_PRODUCTS_DIR; };
		31D96C0A2B66F9DD00A1B16A /* Paralyzed Watch App.app */ = {isa = PBXFileReference; explicitFileType = wrapper.application; includeInIndex = 0; path = "Paralyzed Watch App.app"; sourceTree = BUILT_PRODUCTS_DIR; };
		31D96C0F2B66F9DD00A1B16A /* ParalyzedApp.swift */ = {isa = PBXFileReference; lastKnownFileType = sourcecode.swift; path = ParalyzedApp.swift; sourceTree = "<group>"; };
		31D96C112B66F9DD00A1B16A /* StartStopView.swift */ = {isa = PBXFileReference; lastKnownFileType = sourcecode.swift; path = StartStopView.swift; sourceTree = "<group>"; };
		31D96C132B66F9DE00A1B16A /* Assets.xcassets */ = {isa = PBXFileReference; lastKnownFileType = folder.assetcatalog; path = Assets.xcassets; sourceTree = "<group>"; };
		31D96C162B66F9DE00A1B16A /* Preview Assets.xcassets */ = {isa = PBXFileReference; lastKnownFileType = folder.assetcatalog; path = "Preview Assets.xcassets"; sourceTree = "<group>"; };
		31FD78982C1B34D8008C207B /* MotionManager.swift */ = {isa = PBXFileReference; lastKnownFileType = sourcecode.swift; path = MotionManager.swift; sourceTree = "<group>"; };
/* End PBXFileReference section */

/* Begin PBXFrameworksBuildPhase section */
		31D96C072B66F9DD00A1B16A /* Frameworks */ = {
			isa = PBXFrameworksBuildPhase;
			buildActionMask = 2147483647;
			files = (
				31BB51252C7A855000741326 /* RealmSwift in Frameworks */,
			);
			runOnlyForDeploymentPostprocessing = 0;
		};
/* End PBXFrameworksBuildPhase section */

/* Begin PBXGroup section */
		313D26422C77EDDE00E65D93 /* Welcome */ = {
			isa = PBXGroup;
			children = (
				313D26432C77EE3E00E65D93 /* WelcomeView.swift */,
			);
			path = Welcome;
			sourceTree = "<group>";
		};
		31536F382B84061200176F6F /* ViewModel */ = {
			isa = PBXGroup;
			children = (
				31CC81842BAC9C1E00C99974 /* VibrationAndAlarmManager.swift */,
				31536F392B84065C00176F6F /* HealthManager.swift */,
				31FD78982C1B34D8008C207B /* MotionManager.swift */,
				31B7E9982C6A83E1008AEB4E /* Config.swift */,
				31D65B5A2C72313800115E9E /* MotionDataRecorder.swift */,
			);
			path = ViewModel;
			sourceTree = "<group>";
		};
		31BB511C2C7A62D700741326 /* Models */ = {
			isa = PBXGroup;
			children = (
				31BB51262C7A85C600741326 /* HeartRateData.swift */,
				318C3B682C7B934200B864A2 /* MotionData.swift */,
			);
			path = Models;
			sourceTree = "<group>";
		};
		31D96BFD2B66F9DD00A1B16A = {
			isa = PBXGroup;
			children = (
				31D96C0E2B66F9DD00A1B16A /* Paralyzed Watch App */,
				31D96C052B66F9DD00A1B16A /* Products */,
			);
			sourceTree = "<group>";
		};
		31D96C052B66F9DD00A1B16A /* Products */ = {
			isa = PBXGroup;
			children = (
				31D96C042B66F9DD00A1B16A /* Paralyzed.app */,
				31D96C0A2B66F9DD00A1B16A /* Paralyzed Watch App.app */,
			);
			name = Products;
			sourceTree = "<group>";
		};
		31D96C0E2B66F9DD00A1B16A /* Paralyzed Watch App */ = {
			isa = PBXGroup;
			children = (
				31D484E42B7C27CC0068B3C4 /* Paralyzed-Watch-App-Info.plist */,
				31D484E32B7BE8EE0068B3C4 /* Paralyzed Watch App.entitlements */,
				31255F1E2BFFB50200DC2C9E /* alarm.mp3 */,
				31CC81822BAC9C0700C99974 /* modern_alarm.mp3 */,
				31D96C0F2B66F9DD00A1B16A /* ParalyzedApp.swift */,
				31BB511C2C7A62D700741326 /* Models */,
				313D26422C77EDDE00E65D93 /* Welcome */,
				31D96C212B67077800A1B16A /* View */,
				31536F382B84061200176F6F /* ViewModel */,
				31D96C132B66F9DE00A1B16A /* Assets.xcassets */,
				31D96C152B66F9DE00A1B16A /* Preview Content */,
			);
			path = "Paralyzed Watch App";
			sourceTree = "<group>";
		};
		31D96C152B66F9DE00A1B16A /* Preview Content */ = {
			isa = PBXGroup;
			children = (
				31D96C162B66F9DE00A1B16A /* Preview Assets.xcassets */,
			);
			path = "Preview Content";
			sourceTree = "<group>";
		};
		31D96C212B67077800A1B16A /* View */ = {
			isa = PBXGroup;
			children = (
				31CC81862BAC9C6C00C99974 /* ImpactNotificationView.swift */,
				31D96C112B66F9DD00A1B16A /* StartStopView.swift */,
				314779C92B7D0FA900C8EADC /* SettingsView.swift */,
				3102AEF42B8179D200F716AF /* SessionPagingView.swift */,
				31536F362B83A77600176F6F /* SummaryView.swift */,
			);
			path = View;
			sourceTree = "<group>";
		};
/* End PBXGroup section */

/* Begin PBXNativeTarget section */
		31D96C032B66F9DD00A1B16A /* Paralyzed */ = {
			isa = PBXNativeTarget;
			buildConfigurationList = 31D96C1E2B66F9DE00A1B16A /* Build configuration list for PBXNativeTarget "Paralyzed" */;
			buildPhases = (
				31D96C022B66F9DD00A1B16A /* Resources */,
				31D96C1D2B66F9DE00A1B16A /* Embed Watch Content */,
			);
			buildRules = (
			);
			dependencies = (
				31D96C0D2B66F9DD00A1B16A /* PBXTargetDependency */,
			);
			name = Paralyzed;
			productName = Paralyzed;
			productReference = 31D96C042B66F9DD00A1B16A /* Paralyzed.app */;
			productType = "com.apple.product-type.application.watchapp2-container";
		};
		31D96C092B66F9DD00A1B16A /* Paralyzed Watch App */ = {
			isa = PBXNativeTarget;
			buildConfigurationList = 31D96C1A2B66F9DE00A1B16A /* Build configuration list for PBXNativeTarget "Paralyzed Watch App" */;
			buildPhases = (
				31D96C062B66F9DD00A1B16A /* Sources */,
				31D96C072B66F9DD00A1B16A /* Frameworks */,
				31D96C082B66F9DD00A1B16A /* Resources */,
				31AA1C2A2C7A952D00C05A4F /* Embed Frameworks */,
			);
			buildRules = (
			);
			dependencies = (
			);
			name = "Paralyzed Watch App";
			packageProductDependencies = (
				31BB51242C7A855000741326 /* RealmSwift */,
			);
			productName = "Paralyzed Watch App";
			productReference = 31D96C0A2B66F9DD00A1B16A /* Paralyzed Watch App.app */;
			productType = "com.apple.product-type.application";
		};
/* End PBXNativeTarget section */

/* Begin PBXProject section */
		31D96BFE2B66F9DD00A1B16A /* Project object */ = {
			isa = PBXProject;
			attributes = {
				BuildIndependentTargetsInParallel = 1;
				LastSwiftUpdateCheck = 1520;
				LastUpgradeCheck = 1520;
				TargetAttributes = {
					31D96C032B66F9DD00A1B16A = {
						CreatedOnToolsVersion = 15.2;
					};
					31D96C092B66F9DD00A1B16A = {
						CreatedOnToolsVersion = 15.2;
					};
				};
			};
			buildConfigurationList = 31D96C012B66F9DD00A1B16A /* Build configuration list for PBXProject "Paralyzed" */;
			compatibilityVersion = "Xcode 14.0";
			developmentRegion = en;
			hasScannedForEncodings = 0;
			knownRegions = (
				en,
				Base,
			);
			mainGroup = 31D96BFD2B66F9DD00A1B16A;
			packageReferences = (
				31BB51212C7A855000741326 /* XCRemoteSwiftPackageReference "realm-swift" */,
			);
			productRefGroup = 31D96C052B66F9DD00A1B16A /* Products */;
			projectDirPath = "";
			projectRoot = "";
			targets = (
				31D96C032B66F9DD00A1B16A /* Paralyzed */,
				31D96C092B66F9DD00A1B16A /* Paralyzed Watch App */,
			);
		};
/* End PBXProject section */

/* Begin PBXResourcesBuildPhase section */
		31D96C022B66F9DD00A1B16A /* Resources */ = {
			isa = PBXResourcesBuildPhase;
			buildActionMask = 2147483647;
			files = (
			);
			runOnlyForDeploymentPostprocessing = 0;
		};
		31D96C082B66F9DD00A1B16A /* Resources */ = {
			isa = PBXResourcesBuildPhase;
			buildActionMask = 2147483647;
			files = (
				31255F1F2BFFB50200DC2C9E /* alarm.mp3 in Resources */,
				31D96C172B66F9DE00A1B16A /* Preview Assets.xcassets in Resources */,
				31D96C142B66F9DE00A1B16A /* Assets.xcassets in Resources */,
				31CC81832BAC9C0700C99974 /* modern_alarm.mp3 in Resources */,
			);
			runOnlyForDeploymentPostprocessing = 0;
		};
/* End PBXResourcesBuildPhase section */

/* Begin PBXSourcesBuildPhase section */
		31D96C062B66F9DD00A1B16A /* Sources */ = {
			isa = PBXSourcesBuildPhase;
			buildActionMask = 2147483647;
			files = (
				314779CA2B7D0FA900C8EADC /* SettingsView.swift in Sources */,
				31CC81852BAC9C1E00C99974 /* VibrationAndAlarmManager.swift in Sources */,
				31BB51272C7A85C600741326 /* HeartRateData.swift in Sources */,
				31D65B5B2C72313800115E9E /* MotionDataRecorder.swift in Sources */,
				31D96C122B66F9DD00A1B16A /* StartStopView.swift in Sources */,
				31B7E9992C6A83E1008AEB4E /* Config.swift in Sources */,
				31536F372B83A77600176F6F /* SummaryView.swift in Sources */,
				318C3B692C7B934200B864A2 /* MotionData.swift in Sources */,
				31FD78992C1B34D8008C207B /* MotionManager.swift in Sources */,
				313D26442C77EE3E00E65D93 /* WelcomeView.swift in Sources */,
				31536F3A2B84065C00176F6F /* HealthManager.swift in Sources */,
				31D96C102B66F9DD00A1B16A /* ParalyzedApp.swift in Sources */,
				3102AEF52B8179D200F716AF /* SessionPagingView.swift in Sources */,
				31CC81872BAC9C6C00C99974 /* ImpactNotificationView.swift in Sources */,
			);
			runOnlyForDeploymentPostprocessing = 0;
		};
/* End PBXSourcesBuildPhase section */

/* Begin PBXTargetDependency section */
		31D96C0D2B66F9DD00A1B16A /* PBXTargetDependency */ = {
			isa = PBXTargetDependency;
			target = 31D96C092B66F9DD00A1B16A /* Paralyzed Watch App */;
			targetProxy = 31D96C0C2B66F9DD00A1B16A /* PBXContainerItemProxy */;
		};
/* End PBXTargetDependency section */

/* Begin XCBuildConfiguration section */
		31D96C182B66F9DE00A1B16A /* Debug */ = {
			isa = XCBuildConfiguration;
			buildSettings = {
				ALWAYS_SEARCH_USER_PATHS = NO;
				ASSETCATALOG_COMPILER_GENERATE_SWIFT_ASSET_SYMBOL_EXTENSIONS = YES;
				CLANG_ANALYZER_NONNULL = YES;
				CLANG_ANALYZER_NUMBER_OBJECT_CONVERSION = YES_AGGRESSIVE;
				CLANG_CXX_LANGUAGE_STANDARD = "gnu++20";
				CLANG_ENABLE_MODULES = YES;
				CLANG_ENABLE_OBJC_ARC = YES;
				CLANG_ENABLE_OBJC_WEAK = YES;
				CLANG_WARN_BLOCK_CAPTURE_AUTORELEASING = YES;
				CLANG_WARN_BOOL_CONVERSION = YES;
				CLANG_WARN_COMMA = YES;
				CLANG_WARN_CONSTANT_CONVERSION = YES;
				CLANG_WARN_DEPRECATED_OBJC_IMPLEMENTATIONS = YES;
				CLANG_WARN_DIRECT_OBJC_ISA_USAGE = YES_ERROR;
				CLANG_WARN_DOCUMENTATION_COMMENTS = YES;
				CLANG_WARN_EMPTY_BODY = YES;
				CLANG_WARN_ENUM_CONVERSION = YES;
				CLANG_WARN_INFINITE_RECURSION = YES;
				CLANG_WARN_INT_CONVERSION = YES;
				CLANG_WARN_NON_LITERAL_NULL_CONVERSION = YES;
				CLANG_WARN_OBJC_IMPLICIT_RETAIN_SELF = YES;
				CLANG_WARN_OBJC_LITERAL_CONVERSION = YES;
				CLANG_WARN_OBJC_ROOT_CLASS = YES_ERROR;
				CLANG_WARN_QUOTED_INCLUDE_IN_FRAMEWORK_HEADER = YES;
				CLANG_WARN_RANGE_LOOP_ANALYSIS = YES;
				CLANG_WARN_STRICT_PROTOTYPES = YES;
				CLANG_WARN_SUSPICIOUS_MOVE = YES;
				CLANG_WARN_UNGUARDED_AVAILABILITY = YES_AGGRESSIVE;
				CLANG_WARN_UNREACHABLE_CODE = YES;
				CLANG_WARN__DUPLICATE_METHOD_MATCH = YES;
				COPY_PHASE_STRIP = NO;
				DEBUG_INFORMATION_FORMAT = dwarf;
				ENABLE_STRICT_OBJC_MSGSEND = YES;
				ENABLE_TESTABILITY = YES;
				ENABLE_USER_SCRIPT_SANDBOXING = YES;
				GCC_C_LANGUAGE_STANDARD = gnu17;
				GCC_DYNAMIC_NO_PIC = NO;
				GCC_NO_COMMON_BLOCKS = YES;
				GCC_OPTIMIZATION_LEVEL = 0;
				GCC_PREPROCESSOR_DEFINITIONS = (
					"DEBUG=1",
					"$(inherited)",
				);
				GCC_WARN_64_TO_32_BIT_CONVERSION = YES;
				GCC_WARN_ABOUT_RETURN_TYPE = YES_ERROR;
				GCC_WARN_UNDECLARED_SELECTOR = YES;
				GCC_WARN_UNINITIALIZED_AUTOS = YES_AGGRESSIVE;
				GCC_WARN_UNUSED_FUNCTION = YES;
				GCC_WARN_UNUSED_VARIABLE = YES;
				LOCALIZATION_PREFERS_STRING_CATALOGS = YES;
				MTL_ENABLE_DEBUG_INFO = INCLUDE_SOURCE;
				MTL_FAST_MATH = YES;
				ONLY_ACTIVE_ARCH = YES;
				SWIFT_ACTIVE_COMPILATION_CONDITIONS = "DEBUG $(inherited)";
				SWIFT_OPTIMIZATION_LEVEL = "-Onone";
			};
			name = Debug;
		};
		31D96C192B66F9DE00A1B16A /* Release */ = {
			isa = XCBuildConfiguration;
			buildSettings = {
				ALWAYS_SEARCH_USER_PATHS = NO;
				ASSETCATALOG_COMPILER_GENERATE_SWIFT_ASSET_SYMBOL_EXTENSIONS = YES;
				CLANG_ANALYZER_NONNULL = YES;
				CLANG_ANALYZER_NUMBER_OBJECT_CONVERSION = YES_AGGRESSIVE;
				CLANG_CXX_LANGUAGE_STANDARD = "gnu++20";
				CLANG_ENABLE_MODULES = YES;
				CLANG_ENABLE_OBJC_ARC = YES;
				CLANG_ENABLE_OBJC_WEAK = YES;
				CLANG_WARN_BLOCK_CAPTURE_AUTORELEASING = YES;
				CLANG_WARN_BOOL_CONVERSION = YES;
				CLANG_WARN_COMMA = YES;
				CLANG_WARN_CONSTANT_CONVERSION = YES;
				CLANG_WARN_DEPRECATED_OBJC_IMPLEMENTATIONS = YES;
				CLANG_WARN_DIRECT_OBJC_ISA_USAGE = YES_ERROR;
				CLANG_WARN_DOCUMENTATION_COMMENTS = YES;
				CLANG_WARN_EMPTY_BODY = YES;
				CLANG_WARN_ENUM_CONVERSION = YES;
				CLANG_WARN_INFINITE_RECURSION = YES;
				CLANG_WARN_INT_CONVERSION = YES;
				CLANG_WARN_NON_LITERAL_NULL_CONVERSION = YES;
				CLANG_WARN_OBJC_IMPLICIT_RETAIN_SELF = YES;
				CLANG_WARN_OBJC_LITERAL_CONVERSION = YES;
				CLANG_WARN_OBJC_ROOT_CLASS = YES_ERROR;
				CLANG_WARN_QUOTED_INCLUDE_IN_FRAMEWORK_HEADER = YES;
				CLANG_WARN_RANGE_LOOP_ANALYSIS = YES;
				CLANG_WARN_STRICT_PROTOTYPES = YES;
				CLANG_WARN_SUSPICIOUS_MOVE = YES;
				CLANG_WARN_UNGUARDED_AVAILABILITY = YES_AGGRESSIVE;
				CLANG_WARN_UNREACHABLE_CODE = YES;
				CLANG_WARN__DUPLICATE_METHOD_MATCH = YES;
				COPY_PHASE_STRIP = NO;
				DEBUG_INFORMATION_FORMAT = "dwarf-with-dsym";
				ENABLE_NS_ASSERTIONS = NO;
				ENABLE_STRICT_OBJC_MSGSEND = YES;
				ENABLE_USER_SCRIPT_SANDBOXING = YES;
				GCC_C_LANGUAGE_STANDARD = gnu17;
				GCC_NO_COMMON_BLOCKS = YES;
				GCC_WARN_64_TO_32_BIT_CONVERSION = YES;
				GCC_WARN_ABOUT_RETURN_TYPE = YES_ERROR;
				GCC_WARN_UNDECLARED_SELECTOR = YES;
				GCC_WARN_UNINITIALIZED_AUTOS = YES_AGGRESSIVE;
				GCC_WARN_UNUSED_FUNCTION = YES;
				GCC_WARN_UNUSED_VARIABLE = YES;
				LOCALIZATION_PREFERS_STRING_CATALOGS = YES;
				MTL_ENABLE_DEBUG_INFO = NO;
				MTL_FAST_MATH = YES;
				SWIFT_COMPILATION_MODE = wholemodule;
			};
			name = Release;
		};
		31D96C1B2B66F9DE00A1B16A /* Debug */ = {
			isa = XCBuildConfiguration;
			buildSettings = {
				ASSETCATALOG_COMPILER_APPICON_NAME = AppIcon;
				ASSETCATALOG_COMPILER_GLOBAL_ACCENT_COLOR_NAME = AccentColor;
				CODE_SIGN_ENTITLEMENTS = "Paralyzed Watch App/Paralyzed Watch App.entitlements";
				CODE_SIGN_STYLE = Automatic;
				CURRENT_PROJECT_VERSION = 1;
				DEVELOPMENT_ASSET_PATHS = "\"Paralyzed Watch App/Preview Content\"";
				DEVELOPMENT_TEAM = X7N76N6572;
				ENABLE_PREVIEWS = YES;
				GENERATE_INFOPLIST_FILE = YES;
				INFOPLIST_FILE = "Paralyzed-Watch-App-Info.plist";
				INFOPLIST_KEY_CFBundleDisplayName = Paralyzed;
				INFOPLIST_KEY_NSHealthClinicalHealthRecordsShareUsageDescription = "Please allow access to enjoy all the features of our app";
				INFOPLIST_KEY_NSHealthShareUsageDescription = "Please allow access to enjoy all the features of our app";
				INFOPLIST_KEY_NSMotionUsageDescription = "Diese App benötigt Zugriff auf Bewegungsdaten, um festzustellen, ob Sie sich bewegen oder nicht.";
				INFOPLIST_KEY_UISupportedInterfaceOrientations = "UIInterfaceOrientationPortrait UIInterfaceOrientationPortraitUpsideDown";
				INFOPLIST_KEY_WKWatchOnly = YES;
				LD_RUNPATH_SEARCH_PATHS = (
					"$(inherited)",
					"@executable_path/Frameworks",
				);
				MARKETING_VERSION = 1.0;
				PRODUCT_BUNDLE_IDENTIFIER = zahid.Paralyzed.watchkitapp;
				PRODUCT_NAME = "$(TARGET_NAME)";
				SDKROOT = watchos;
				SKIP_INSTALL = YES;
				SWIFT_EMIT_LOC_STRINGS = YES;
				SWIFT_VERSION = 5.0;
				TARGETED_DEVICE_FAMILY = 4;
				WATCHOS_DEPLOYMENT_TARGET = 10.5;
			};
			name = Debug;
		};
		31D96C1C2B66F9DE00A1B16A /* Release */ = {
			isa = XCBuildConfiguration;
			buildSettings = {
				ASSETCATALOG_COMPILER_APPICON_NAME = AppIcon;
				ASSETCATALOG_COMPILER_GLOBAL_ACCENT_COLOR_NAME = AccentColor;
				CODE_SIGN_ENTITLEMENTS = "Paralyzed Watch App/Paralyzed Watch App.entitlements";
				CODE_SIGN_STYLE = Automatic;
				CURRENT_PROJECT_VERSION = 1;
				DEVELOPMENT_ASSET_PATHS = "\"Paralyzed Watch App/Preview Content\"";
				DEVELOPMENT_TEAM = X7N76N6572;
				ENABLE_PREVIEWS = YES;
				GENERATE_INFOPLIST_FILE = YES;
				INFOPLIST_FILE = "Paralyzed-Watch-App-Info.plist";
				INFOPLIST_KEY_CFBundleDisplayName = Paralyzed;
				INFOPLIST_KEY_NSHealthClinicalHealthRecordsShareUsageDescription = "Please allow access to enjoy all the features of our app";
				INFOPLIST_KEY_NSHealthShareUsageDescription = "Please allow access to enjoy all the features of our app";
				INFOPLIST_KEY_NSMotionUsageDescription = "Diese App benötigt Zugriff auf Bewegungsdaten, um festzustellen, ob Sie sich bewegen oder nicht.";
				INFOPLIST_KEY_UISupportedInterfaceOrientations = "UIInterfaceOrientationPortrait UIInterfaceOrientationPortraitUpsideDown";
				INFOPLIST_KEY_WKWatchOnly = YES;
				LD_RUNPATH_SEARCH_PATHS = (
					"$(inherited)",
					"@executable_path/Frameworks",
				);
				MARKETING_VERSION = 1.0;
				PRODUCT_BUNDLE_IDENTIFIER = zahid.Paralyzed.watchkitapp;
				PRODUCT_NAME = "$(TARGET_NAME)";
				SDKROOT = watchos;
				SKIP_INSTALL = YES;
				SWIFT_EMIT_LOC_STRINGS = YES;
				SWIFT_VERSION = 5.0;
				TARGETED_DEVICE_FAMILY = 4;
				VALIDATE_PRODUCT = YES;
				WATCHOS_DEPLOYMENT_TARGET = 10.5;
			};
			name = Release;
		};
		31D96C1F2B66F9DE00A1B16A /* Debug */ = {
			isa = XCBuildConfiguration;
			buildSettings = {
				ALWAYS_EMBED_SWIFT_STANDARD_LIBRARIES = YES;
				CODE_SIGN_STYLE = Automatic;
				CURRENT_PROJECT_VERSION = 1;
				DEVELOPMENT_TEAM = X7N76N6572;
				INFOPLIST_KEY_CFBundleDisplayName = Paralyzed;
				MARKETING_VERSION = 1.0;
				PRODUCT_BUNDLE_IDENTIFIER = zahid.Paralyzed;
				PRODUCT_NAME = "$(TARGET_NAME)";
				SDKROOT = iphoneos;
				SWIFT_VERSION = 5.0;
			};
			name = Debug;
		};
		31D96C202B66F9DE00A1B16A /* Release */ = {
			isa = XCBuildConfiguration;
			buildSettings = {
				ALWAYS_EMBED_SWIFT_STANDARD_LIBRARIES = YES;
				CODE_SIGN_STYLE = Automatic;
				CURRENT_PROJECT_VERSION = 1;
				DEVELOPMENT_TEAM = X7N76N6572;
				INFOPLIST_KEY_CFBundleDisplayName = Paralyzed;
				MARKETING_VERSION = 1.0;
				PRODUCT_BUNDLE_IDENTIFIER = zahid.Paralyzed;
				PRODUCT_NAME = "$(TARGET_NAME)";
				SDKROOT = iphoneos;
				SWIFT_VERSION = 5.0;
				VALIDATE_PRODUCT = YES;
			};
			name = Release;
		};
/* End XCBuildConfiguration section */

/* Begin XCConfigurationList section */
		31D96C012B66F9DD00A1B16A /* Build configuration list for PBXProject "Paralyzed" */ = {
			isa = XCConfigurationList;
			buildConfigurations = (
				31D96C182B66F9DE00A1B16A /* Debug */,
				31D96C192B66F9DE00A1B16A /* Release */,
			);
			defaultConfigurationIsVisible = 0;
			defaultConfigurationName = Release;
		};
		31D96C1A2B66F9DE00A1B16A /* Build configuration list for PBXNativeTarget "Paralyzed Watch App" */ = {
			isa = XCConfigurationList;
			buildConfigurations = (
				31D96C1B2B66F9DE00A1B16A /* Debug */,
				31D96C1C2B66F9DE00A1B16A /* Release */,
			);
			defaultConfigurationIsVisible = 0;
			defaultConfigurationName = Release;
		};
		31D96C1E2B66F9DE00A1B16A /* Build configuration list for PBXNativeTarget "Paralyzed" */ = {
			isa = XCConfigurationList;
			buildConfigurations = (
				31D96C1F2B66F9DE00A1B16A /* Debug */,
				31D96C202B66F9DE00A1B16A /* Release */,
			);
			defaultConfigurationIsVisible = 0;
			defaultConfigurationName = Release;
		};
/* End XCConfigurationList section */

/* Begin XCRemoteSwiftPackageReference section */
		31BB51212C7A855000741326 /* XCRemoteSwiftPackageReference "realm-swift" */ = {
			isa = XCRemoteSwiftPackageReference;
			repositoryURL = "https://github.com/realm/realm-swift";
			requirement = {
				branch = master;
				kind = branch;
			};
		};
/* End XCRemoteSwiftPackageReference section */

/* Begin XCSwiftPackageProductDependency section */
		31BB51242C7A855000741326 /* RealmSwift */ = {
			isa = XCSwiftPackageProductDependency;
			package = 31BB51212C7A855000741326 /* XCRemoteSwiftPackageReference "realm-swift" */;
			productName = RealmSwift;
		};
/* End XCSwiftPackageProductDependency section */
	};
	rootObject = 31D96BFE2B66F9DD00A1B16A /* Project object */;
}
